#Will return the sum of numbers in the range 0 - n that are divisble by 3 or 5
def find(n):
    number = 0
    rangie = range(0, n+1)
    for num in rangie:
       if num % 5 == 0 or num % 3 == 0: 
           number += num
        
    return number

#######################################################

#Will return the count of vowels in a string
def get_count(Sent):
    check_vowel = ["a", "e", "i", "o", "u"]
    count = 0 
    for i in Sent:
        if i in check_vowel:
           count += 1 
    return count
########################################################

#Will return all non-odd numbers in an array
def no_odds(vals):
    listy = []
    for i in vals:
        if i % 2 == 0:
            listy.append(i)
    return listy

##############################################################
Converts Roman Numerals to int
class Solution:
    def romanToInt(self, s: str) -> int:
        roman = {"I":1, "V":5, "X":10, "L":50,"C":100, "D":500, "M":1000}
        res = 0

        for i in range(len(s)):
            if i  + 1 < len(s) and roman[s[i]] < roman[s[i + 1]]:
                res -= roman[s[i]]
            else:
                res += roman[s[i]]
        return res
